
Microsoft Visual Studio Solution File, Format Version 12.00
# Visual Studio Version 16
VisualStudioVersion = 16.0.808.10
MinimumVisualStudioVersion = 10.0.40219.1
Project("{FAE04EC0-301F-11D3-BF4B-00C04F79EFBC}") = "orderingApi", "orderingApi.csproj", "{705FDD87-50F4-4751-9899-DFF1A23AB434}"
EndProject
Global
	GlobalSection(SolutionConfigurationPlatforms) = preSolution
		Debug|Any CPU = Debug|Any CPU
		Release|Any CPU = Release|Any CPU
	EndGlobalSection
	GlobalSection(ProjectConfigurationPlatforms) = postSolution
		{705FDD87-50F4-4751-9899-DFF1A23AB434}.Debug|Any CPU.ActiveCfg = Debug|Any CPU
		{705FDD87-50F4-4751-9899-DFF1A23AB434}.Debug|Any CPU.Build.0 = Debug|Any CPU
		{705FDD87-50F4-4751-9899-DFF1A23AB434}.Release|Any CPU.ActiveCfg = Release|Any CPU
		{705FDD87-50F4-4751-9899-DFF1A23AB434}.Release|Any CPU.Build.0 = Release|Any CPU
	EndGlobalSection
	GlobalSection(SolutionProperties) = preSolution
		HideSolutionNode = FALSE
	EndGlobalSection
	GlobalSection(ExtensibilityGlobals) = postSolution
		SolutionGuid = {A0315B43-9D19-4588-A67F-9242113EEE1F}
	EndGlobalSection
EndGlobal
